
Microsoft Visual Studio Solution File, Format Version 12.00
# Visual Studio Version 16
VisualStudioVersion = 16.0.31911.196
MinimumVisualStudioVersion = 10.0.40219.1
Project("{FAE04EC0-301F-11D3-BF4B-00C04F79EFBC}") = "Proje", "Proje\Proje.csproj", "{872C9D6F-199B-4922-BE8B-2FF8E8BA400B}"
EndProject
Global
	GlobalSection(SolutionConfigurationPlatforms) = preSolution
		Debug|Any CPU = Debug|Any CPU
		Release|Any CPU = Release|Any CPU
	EndGlobalSection
	GlobalSection(ProjectConfigurationPlatforms) = postSolution
		{872C9D6F-199B-4922-BE8B-2FF8E8BA400B}.Debug|Any CPU.ActiveCfg = Debug|Any CPU
		{872C9D6F-199B-4922-BE8B-2FF8E8BA400B}.Debug|Any CPU.Build.0 = Debug|Any CPU
		{872C9D6F-199B-4922-BE8B-2FF8E8BA400B}.Release|Any CPU.ActiveCfg = Release|Any CPU
		{872C9D6F-199B-4922-BE8B-2FF8E8BA400B}.Release|Any CPU.Build.0 = Release|Any CPU
	EndGlobalSection
	GlobalSection(SolutionProperties) = preSolution
		HideSolutionNode = FALSE
	EndGlobalSection
	GlobalSection(ExtensibilityGlobals) = postSolution
		SolutionGuid = {9619C6AB-A030-4B32-922C-CB3B353AA03C}
	EndGlobalSection
EndGlobal
